// !$*UTF8*$!
{
	archiveVersion = 1;
	classes = {
	};
	objectVersion = 46;
	objects = {

/* Begin PBXBuildFile section */
		1B871DFA18EC802300162007 /* MathViewController.m in Sources */ = {isa = PBXBuildFile; fileRef = 1B871DF818EC802300162007 /* MathViewController.m */; };
		1B871DFB18EC802300162007 /* MathViewController.xib in Resources */ = {isa = PBXBuildFile; fileRef = 1B871DF918EC802300162007 /* MathViewController.xib */; };
		1B871DFE18EC80C500162007 /* Contas.m in Sources */ = {isa = PBXBuildFile; fileRef = 1B871DFD18EC80C500162007 /* Contas.m */; };
		1B871E0218EC8A8400162007 /* PontosViewController.m in Sources */ = {isa = PBXBuildFile; fileRef = 1B871E0018EC8A8400162007 /* PontosViewController.m */; };
		1B871E0318EC8A8400162007 /* PontosViewController.xib in Resources */ = {isa = PBXBuildFile; fileRef = 1B871E0118EC8A8400162007 /* PontosViewController.xib */; };
		1B871E0718EC8B3C00162007 /* pontosCaracol.png in Resources */ = {isa = PBXBuildFile; fileRef = 1B871E0618EC8B3C00162007 /* pontosCaracol.png */; };
		1B871E0E18EC9E8200162007 /* LabirintoViewController.m in Sources */ = {isa = PBXBuildFile; fileRef = 1B871E0C18EC9E8200162007 /* LabirintoViewController.m */; };
		1B871E0F18EC9E8200162007 /* LabirintoViewController.xib in Resources */ = {isa = PBXBuildFile; fileRef = 1B871E0D18EC9E8200162007 /* LabirintoViewController.xib */; };
		1B871E1118EC9F8800162007 /* labirinto4.png in Resources */ = {isa = PBXBuildFile; fileRef = 1B871E1018EC9F8800162007 /* labirinto4.png */; };
		1B871E1418EC9FF300162007 /* GestoLabirinto.m in Sources */ = {isa = PBXBuildFile; fileRef = 1B871E1318EC9FF300162007 /* GestoLabirinto.m */; };
		1B8AC79B18E9E0E30083EBDD /* fase3.png in Resources */ = {isa = PBXBuildFile; fileRef = 1B8AC79A18E9E0E30083EBDD /* fase3.png */; };
		1B8AC79D18E9F31C0083EBDD /* fase4.png in Resources */ = {isa = PBXBuildFile; fileRef = 1B8AC79C18E9F31C0083EBDD /* fase4.png */; };
		1BC90EA118E611C7002E91E3 /* finger.png in Resources */ = {isa = PBXBuildFile; fileRef = 1BC90EA018E611C7002E91E3 /* finger.png */; };
		1BC90EA318E6125D002E91E3 /* fase2.png in Resources */ = {isa = PBXBuildFile; fileRef = 1BC90EA218E6125D002E91E3 /* fase2.png */; };
		1BF7762618EDE19F00FC7C18 /* florzinha.gif in Resources */ = {isa = PBXBuildFile; fileRef = 1BF7762318EDE19F00FC7C18 /* florzinha.gif */; };
		1BF7762718EDE19F00FC7C18 /* abelhinha.jpg in Resources */ = {isa = PBXBuildFile; fileRef = 1BF7762418EDE19F00FC7C18 /* abelhinha.jpg */; };
		1BF7762818EDE19F00FC7C18 /* leaozinho.gif in Resources */ = {isa = PBXBuildFile; fileRef = 1BF7762518EDE19F00FC7C18 /* leaozinho.gif */; };
		1BF7762D18EDFDD200FC7C18 /* matematica.png in Resources */ = {isa = PBXBuildFile; fileRef = 1BF7762C18EDFDD200FC7C18 /* matematica.png */; };
		1BF7763018EDFEC200FC7C18 /* GestoLabirintoFase1.m in Sources */ = {isa = PBXBuildFile; fileRef = 1BF7762F18EDFEC200FC7C18 /* GestoLabirintoFase1.m */; };
		2F63489F18ECF0F900E5E7A8 /* Pontos.m in Sources */ = {isa = PBXBuildFile; fileRef = 2F63489E18ECF0F900E5E7A8 /* Pontos.m */; };
		310668D818E20BA800B48195 /* Foundation.framework in Frameworks */ = {isa = PBXBuildFile; fileRef = 310668D718E20BA800B48195 /* Foundation.framework */; };
		310668DA18E20BA800B48195 /* CoreGraphics.framework in Frameworks */ = {isa = PBXBuildFile; fileRef = 310668D918E20BA800B48195 /* CoreGraphics.framework */; };
		310668DC18E20BA800B48195 /* UIKit.framework in Frameworks */ = {isa = PBXBuildFile; fileRef = 310668DB18E20BA800B48195 /* UIKit.framework */; };
		310668E218E20BA800B48195 /* InfoPlist.strings in Resources */ = {isa = PBXBuildFile; fileRef = 310668E018E20BA800B48195 /* InfoPlist.strings */; };
		310668E418E20BA800B48195 /* main.m in Sources */ = {isa = PBXBuildFile; fileRef = 310668E318E20BA800B48195 /* main.m */; };
		310668E818E20BA800B48195 /* AppDelegate.m in Sources */ = {isa = PBXBuildFile; fileRef = 310668E718E20BA800B48195 /* AppDelegate.m */; };
		310668EA18E20BA800B48195 /* Images.xcassets in Resources */ = {isa = PBXBuildFile; fileRef = 310668E918E20BA800B48195 /* Images.xcassets */; };
		310668F118E20BA800B48195 /* XCTest.framework in Frameworks */ = {isa = PBXBuildFile; fileRef = 310668F018E20BA800B48195 /* XCTest.framework */; };
		310668F218E20BA800B48195 /* Foundation.framework in Frameworks */ = {isa = PBXBuildFile; fileRef = 310668D718E20BA800B48195 /* Foundation.framework */; };
		310668F318E20BA800B48195 /* UIKit.framework in Frameworks */ = {isa = PBXBuildFile; fileRef = 310668DB18E20BA800B48195 /* UIKit.framework */; };
		310668FB18E20BA800B48195 /* InfoPlist.strings in Resources */ = {isa = PBXBuildFile; fileRef = 310668F918E20BA800B48195 /* InfoPlist.strings */; };
		310668FD18E20BA800B48195 /* appCriancaTests.m in Sources */ = {isa = PBXBuildFile; fileRef = 310668FC18E20BA800B48195 /* appCriancaTests.m */; };
		3106691D18E2110900B48195 /* fase1.png in Resources */ = {isa = PBXBuildFile; fileRef = 3106691C18E2110900B48195 /* fase1.png */; };
		3106692118E2132200B48195 /* ViewController.m in Sources */ = {isa = PBXBuildFile; fileRef = 3106691F18E2132200B48195 /* ViewController.m */; };
		3106692218E2132200B48195 /* ViewController.xib in Resources */ = {isa = PBXBuildFile; fileRef = 3106692018E2132200B48195 /* ViewController.xib */; };
		31189DEB18E358E00072D5CB /* Figura.m in Sources */ = {isa = PBXBuildFile; fileRef = 31189DEA18E358E00072D5CB /* Figura.m */; };
		312A54B918EB3EAF0016DD32 /* background.png in Resources */ = {isa = PBXBuildFile; fileRef = 312A54B818EB3EAF0016DD32 /* background.png */; };
		312A54BD18EB5C0C0016DD32 /* GameViewController.m in Sources */ = {isa = PBXBuildFile; fileRef = 312A54BB18EB5C0C0016DD32 /* GameViewController.m */; };
		312A54BE18EB5C0C0016DD32 /* GameViewController.xib in Resources */ = {isa = PBXBuildFile; fileRef = 312A54BC18EB5C0C0016DD32 /* GameViewController.xib */; };
		312A54C018EB61CD0016DD32 /* back.png in Resources */ = {isa = PBXBuildFile; fileRef = 312A54BF18EB61CD0016DD32 /* back.png */; };
		3189376E18E4A88B0033B277 /* arcoiris.png in Resources */ = {isa = PBXBuildFile; fileRef = 3189376D18E4A88B0033B277 /* arcoiris.png */; };
		3199B7E418E9FBF6003F0E2E /* home.png in Resources */ = {isa = PBXBuildFile; fileRef = 3199B7E318E9FBF6003F0E2E /* home.png */; };
		3199B7E918EA06C9003F0E2E /* starBlack.png in Resources */ = {isa = PBXBuildFile; fileRef = 3199B7E718EA06C9003F0E2E /* starBlack.png */; };
		3199B7EA18EA06C9003F0E2E /* starYellow.png in Resources */ = {isa = PBXBuildFile; fileRef = 3199B7E818EA06C9003F0E2E /* starYellow.png */; };
		31A1648318E5F8B400FA391E /* ok.png in Resources */ = {isa = PBXBuildFile; fileRef = 31A1648218E5F8B400FA391E /* ok.png */; };
		31A1648518E60AF800FA391E /* CBL in Resources */ = {isa = PBXBuildFile; fileRef = 31A1648418E60AF800FA391E /* CBL */; };
		31C4190218EDE62A004F83DE /* errou.png in Resources */ = {isa = PBXBuildFile; fileRef = 31C4190118EDE62A004F83DE /* errou.png */; };
		31C4190418EDF2A8004F83DE /* labirinto1.png in Resources */ = {isa = PBXBuildFile; fileRef = 31C4190318EDF2A8004F83DE /* labirinto1.png */; };
		31C4190618EE02F1004F83DE /* labirinto2.png in Resources */ = {isa = PBXBuildFile; fileRef = 31C4190518EE02F1004F83DE /* labirinto2.png */; };
		31C4190818EE0585004F83DE /* labirinto3.png in Resources */ = {isa = PBXBuildFile; fileRef = 31C4190718EE0585004F83DE /* labirinto3.png */; };
		F6A85CAE18EA013C00819310 /* MenuViewController.m in Sources */ = {isa = PBXBuildFile; fileRef = F6A85CAC18EA013C00819310 /* MenuViewController.m */; };
		F6A85CAF18EA013C00819310 /* MenuViewController.xib in Resources */ = {isa = PBXBuildFile; fileRef = F6A85CAD18EA013C00819310 /* MenuViewController.xib */; };
		F6B0ABBC18E4A971004F3C42 /* GestoArcoIris.m in Sources */ = {isa = PBXBuildFile; fileRef = F6B0ABBB18E4A971004F3C42 /* GestoArcoIris.m */; };
/* End PBXBuildFile section */

/* Begin PBXContainerItemProxy section */
		310668F418E20BA800B48195 /* PBXContainerItemProxy */ = {
			isa = PBXContainerItemProxy;
			containerPortal = 310668CC18E20BA800B48195 /* Project object */;
			proxyType = 1;
			remoteGlobalIDString = 310668D318E20BA800B48195;
			remoteInfo = appCrianca;
		};
/* End PBXContainerItemProxy section */

/* Begin PBXFileReference section */
		1B871DF718EC802300162007 /* MathViewController.h */ = {isa = PBXFileReference; fileEncoding = 4; lastKnownFileType = sourcecode.c.h; path = MathViewController.h; sourceTree = "<group>"; };
		1B871DF818EC802300162007 /* MathViewController.m */ = {isa = PBXFileReference; fileEncoding = 4; lastKnownFileType = sourcecode.c.objc; path = MathViewController.m; sourceTree = "<group>"; };
		1B871DF918EC802300162007 /* MathViewController.xib */ = {isa = PBXFileReference; fileEncoding = 4; lastKnownFileType = file.xib; path = MathViewController.xib; sourceTree = "<group>"; };
		1B871DFC18EC80C500162007 /* Contas.h */ = {isa = PBXFileReference; fileEncoding = 4; lastKnownFileType = sourcecode.c.h; path = Contas.h; sourceTree = "<group>"; };
		1B871DFD18EC80C500162007 /* Contas.m */ = {isa = PBXFileReference; fileEncoding = 4; lastKnownFileType = sourcecode.c.objc; path = Contas.m; sourceTree = "<group>"; };
		1B871DFF18EC8A8400162007 /* PontosViewController.h */ = {isa = PBXFileReference; fileEncoding = 4; lastKnownFileType = sourcecode.c.h; path = PontosViewController.h; sourceTree = "<group>"; };
		1B871E0018EC8A8400162007 /* PontosViewController.m */ = {isa = PBXFileReference; fileEncoding = 4; lastKnownFileType = sourcecode.c.objc; path = PontosViewController.m; sourceTree = "<group>"; };
		1B871E0118EC8A8400162007 /* PontosViewController.xib */ = {isa = PBXFileReference; fileEncoding = 4; lastKnownFileType = file.xib; path = PontosViewController.xib; sourceTree = "<group>"; };
		1B871E0618EC8B3C00162007 /* pontosCaracol.png */ = {isa = PBXFileReference; lastKnownFileType = image.png; path = pontosCaracol.png; sourceTree = "<group>"; };
		1B871E0B18EC9E8200162007 /* LabirintoViewController.h */ = {isa = PBXFileReference; fileEncoding = 4; lastKnownFileType = sourcecode.c.h; path = LabirintoViewController.h; sourceTree = "<group>"; };
		1B871E0C18EC9E8200162007 /* LabirintoViewController.m */ = {isa = PBXFileReference; fileEncoding = 4; lastKnownFileType = sourcecode.c.objc; path = LabirintoViewController.m; sourceTree = "<group>"; };
		1B871E0D18EC9E8200162007 /* LabirintoViewController.xib */ = {isa = PBXFileReference; fileEncoding = 4; lastKnownFileType = file.xib; path = LabirintoViewController.xib; sourceTree = "<group>"; };
		1B871E1018EC9F8800162007 /* labirinto4.png */ = {isa = PBXFileReference; lastKnownFileType = image.png; path = labirinto4.png; sourceTree = "<group>"; };
		1B871E1218EC9FF300162007 /* GestoLabirinto.h */ = {isa = PBXFileReference; fileEncoding = 4; lastKnownFileType = sourcecode.c.h; path = GestoLabirinto.h; sourceTree = "<group>"; };
		1B871E1318EC9FF300162007 /* GestoLabirinto.m */ = {isa = PBXFileReference; fileEncoding = 4; lastKnownFileType = sourcecode.c.objc; path = GestoLabirinto.m; sourceTree = "<group>"; };
		1B8AC79A18E9E0E30083EBDD /* fase3.png */ = {isa = PBXFileReference; lastKnownFileType = image.png; path = fase3.png; sourceTree = "<group>"; };
		1B8AC79C18E9F31C0083EBDD /* fase4.png */ = {isa = PBXFileReference; lastKnownFileType = image.png; path = fase4.png; sourceTree = "<group>"; };
		1BC90EA018E611C7002E91E3 /* finger.png */ = {isa = PBXFileReference; lastKnownFileType = image.png; path = finger.png; sourceTree = "<group>"; };
		1BC90EA218E6125D002E91E3 /* fase2.png */ = {isa = PBXFileReference; lastKnownFileType = image.png; path = fase2.png; sourceTree = "<group>"; };
		1BF7762318EDE19F00FC7C18 /* florzinha.gif */ = {isa = PBXFileReference; lastKnownFileType = image.gif; path = florzinha.gif; sourceTree = "<group>"; };
		1BF7762418EDE19F00FC7C18 /* abelhinha.jpg */ = {isa = PBXFileReference; lastKnownFileType = image.jpeg; path = abelhinha.jpg; sourceTree = "<group>"; };
		1BF7762518EDE19F00FC7C18 /* leaozinho.gif */ = {isa = PBXFileReference; lastKnownFileType = image.gif; path = leaozinho.gif; sourceTree = "<group>"; };
		1BF7762C18EDFDD200FC7C18 /* matematica.png */ = {isa = PBXFileReference; lastKnownFileType = image.png; path = matematica.png; sourceTree = "<group>"; };
		1BF7762E18EDFEC200FC7C18 /* GestoLabirintoFase1.h */ = {isa = PBXFileReference; fileEncoding = 4; lastKnownFileType = sourcecode.c.h; path = GestoLabirintoFase1.h; sourceTree = "<group>"; };
		1BF7762F18EDFEC200FC7C18 /* GestoLabirintoFase1.m */ = {isa = PBXFileReference; fileEncoding = 4; lastKnownFileType = sourcecode.c.objc; path = GestoLabirintoFase1.m; sourceTree = "<group>"; };
		2F63489D18ECF0F900E5E7A8 /* Pontos.h */ = {isa = PBXFileReference; fileEncoding = 4; lastKnownFileType = sourcecode.c.h; path = Pontos.h; sourceTree = "<group>"; };
		2F63489E18ECF0F900E5E7A8 /* Pontos.m */ = {isa = PBXFileReference; fileEncoding = 4; lastKnownFileType = sourcecode.c.objc; path = Pontos.m; sourceTree = "<group>"; };
		310668D418E20BA800B48195 /* appCrianca.app */ = {isa = PBXFileReference; explicitFileType = wrapper.application; includeInIndex = 0; path = appCrianca.app; sourceTree = BUILT_PRODUCTS_DIR; };
		310668D718E20BA800B48195 /* Foundation.framework */ = {isa = PBXFileReference; lastKnownFileType = wrapper.framework; name = Foundation.framework; path = System/Library/Frameworks/Foundation.framework; sourceTree = SDKROOT; };
		310668D918E20BA800B48195 /* CoreGraphics.framework */ = {isa = PBXFileReference; lastKnownFileType = wrapper.framework; name = CoreGraphics.framework; path = System/Library/Frameworks/CoreGraphics.framework; sourceTree = SDKROOT; };
		310668DB18E20BA800B48195 /* UIKit.framework */ = {isa = PBXFileReference; lastKnownFileType = wrapper.framework; name = UIKit.framework; path = System/Library/Frameworks/UIKit.framework; sourceTree = SDKROOT; };
		310668DF18E20BA800B48195 /* appCrianca-Info.plist */ = {isa = PBXFileReference; lastKnownFileType = text.plist.xml; path = "appCrianca-Info.plist"; sourceTree = "<group>"; };
		310668E118E20BA800B48195 /* en */ = {isa = PBXFileReference; lastKnownFileType = text.plist.strings; name = en; path = en.lproj/InfoPlist.strings; sourceTree = "<group>"; };
		310668E318E20BA800B48195 /* main.m */ = {isa = PBXFileReference; lastKnownFileType = sourcecode.c.objc; path = main.m; sourceTree = "<group>"; };
		310668E518E20BA800B48195 /* appCrianca-Prefix.pch */ = {isa = PBXFileReference; lastKnownFileType = sourcecode.c.h; path = "appCrianca-Prefix.pch"; sourceTree = "<group>"; };
		310668E618E20BA800B48195 /* AppDelegate.h */ = {isa = PBXFileReference; lastKnownFileType = sourcecode.c.h; path = AppDelegate.h; sourceTree = "<group>"; };
		310668E718E20BA800B48195 /* AppDelegate.m */ = {isa = PBXFileReference; lastKnownFileType = sourcecode.c.objc; path = AppDelegate.m; sourceTree = "<group>"; };
		310668E918E20BA800B48195 /* Images.xcassets */ = {isa = PBXFileReference; lastKnownFileType = folder.assetcatalog; path = Images.xcassets; sourceTree = "<group>"; };
		310668EF18E20BA800B48195 /* appCriancaTests.xctest */ = {isa = PBXFileReference; explicitFileType = wrapper.cfbundle; includeInIndex = 0; path = appCriancaTests.xctest; sourceTree = BUILT_PRODUCTS_DIR; };
		310668F018E20BA800B48195 /* XCTest.framework */ = {isa = PBXFileReference; lastKnownFileType = wrapper.framework; name = XCTest.framework; path = Library/Frameworks/XCTest.framework; sourceTree = DEVELOPER_DIR; };
		310668F818E20BA800B48195 /* appCriancaTests-Info.plist */ = {isa = PBXFileReference; lastKnownFileType = text.plist.xml; path = "appCriancaTests-Info.plist"; sourceTree = "<group>"; };
		310668FA18E20BA800B48195 /* en */ = {isa = PBXFileReference; lastKnownFileType = text.plist.strings; name = en; path = en.lproj/InfoPlist.strings; sourceTree = "<group>"; };
		310668FC18E20BA800B48195 /* appCriancaTests.m */ = {isa = PBXFileReference; lastKnownFileType = sourcecode.c.objc; path = appCriancaTests.m; sourceTree = "<group>"; };
		3106691C18E2110900B48195 /* fase1.png */ = {isa = PBXFileReference; lastKnownFileType = image.png; path = fase1.png; sourceTree = "<group>"; };
		3106691E18E2132200B48195 /* ViewController.h */ = {isa = PBXFileReference; fileEncoding = 4; lastKnownFileType = sourcecode.c.h; path = ViewController.h; sourceTree = "<group>"; };
		3106691F18E2132200B48195 /* ViewController.m */ = {isa = PBXFileReference; fileEncoding = 4; lastKnownFileType = sourcecode.c.objc; path = ViewController.m; sourceTree = "<group>"; };
		3106692018E2132200B48195 /* ViewController.xib */ = {isa = PBXFileReference; fileEncoding = 4; lastKnownFileType = file.xib; path = ViewController.xib; sourceTree = "<group>"; };
		31189DE918E358E00072D5CB /* Figura.h */ = {isa = PBXFileReference; fileEncoding = 4; lastKnownFileType = sourcecode.c.h; path = Figura.h; sourceTree = "<group>"; };
		31189DEA18E358E00072D5CB /* Figura.m */ = {isa = PBXFileReference; fileEncoding = 4; lastKnownFileType = sourcecode.c.objc; path = Figura.m; sourceTree = "<group>"; };
		312A54B818EB3EAF0016DD32 /* background.png */ = {isa = PBXFileReference; lastKnownFileType = image.png; path = background.png; sourceTree = "<group>"; };
		312A54BA18EB5C0C0016DD32 /* GameViewController.h */ = {isa = PBXFileReference; fileEncoding = 4; lastKnownFileType = sourcecode.c.h; path = GameViewController.h; sourceTree = "<group>"; };
		312A54BB18EB5C0C0016DD32 /* GameViewController.m */ = {isa = PBXFileReference; fileEncoding = 4; lastKnownFileType = sourcecode.c.objc; path = GameViewController.m; sourceTree = "<group>"; };
		312A54BC18EB5C0C0016DD32 /* GameViewController.xib */ = {isa = PBXFileReference; fileEncoding = 4; lastKnownFileType = file.xib; path = GameViewController.xib; sourceTree = "<group>"; };
		312A54BF18EB61CD0016DD32 /* back.png */ = {isa = PBXFileReference; lastKnownFileType = image.png; path = back.png; sourceTree = "<group>"; };
		3189376D18E4A88B0033B277 /* arcoiris.png */ = {isa = PBXFileReference; lastKnownFileType = image.png; path = arcoiris.png; sourceTree = "<group>"; };
		3199B7E318E9FBF6003F0E2E /* home.png */ = {isa = PBXFileReference; lastKnownFileType = image.png; path = home.png; sourceTree = "<group>"; };
		3199B7E718EA06C9003F0E2E /* starBlack.png */ = {isa = PBXFileReference; lastKnownFileType = image.png; path = starBlack.png; sourceTree = "<group>"; };
		3199B7E818EA06C9003F0E2E /* starYellow.png */ = {isa = PBXFileReference; lastKnownFileType = image.png; path = starYellow.png; sourceTree = "<group>"; };
		31A1648218E5F8B400FA391E /* ok.png */ = {isa = PBXFileReference; lastKnownFileType = image.png; path = ok.png; sourceTree = "<group>"; };
		31A1648418E60AF800FA391E /* CBL */ = {isa = PBXFileReference; fileEncoding = 4; lastKnownFileType = text; path = CBL; sourceTree = "<group>"; };
		31C4190118EDE62A004F83DE /* errou.png */ = {isa = PBXFileReference; lastKnownFileType = image.png; path = errou.png; sourceTree = "<group>"; };
		31C4190318EDF2A8004F83DE /* labirinto1.png */ = {isa = PBXFileReference; lastKnownFileType = image.png; path = labirinto1.png; sourceTree = "<group>"; };
		31C4190518EE02F1004F83DE /* labirinto2.png */ = {isa = PBXFileReference; lastKnownFileType = image.png; path = labirinto2.png; sourceTree = "<group>"; };
		31C4190718EE0585004F83DE /* labirinto3.png */ = {isa = PBXFileReference; lastKnownFileType = image.png; path = labirinto3.png; sourceTree = "<group>"; };
		F6A85CAB18EA013C00819310 /* MenuViewController.h */ = {isa = PBXFileReference; fileEncoding = 4; lastKnownFileType = sourcecode.c.h; path = MenuViewController.h; sourceTree = "<group>"; };
		F6A85CAC18EA013C00819310 /* MenuViewController.m */ = {isa = PBXFileReference; fileEncoding = 4; lastKnownFileType = sourcecode.c.objc; path = MenuViewController.m; sourceTree = "<group>"; };
		F6A85CAD18EA013C00819310 /* MenuViewController.xib */ = {isa = PBXFileReference; fileEncoding = 4; lastKnownFileType = file.xib; path = MenuViewController.xib; sourceTree = "<group>"; };
		F6B0ABBA18E4A971004F3C42 /* GestoArcoIris.h */ = {isa = PBXFileReference; fileEncoding = 4; lastKnownFileType = sourcecode.c.h; path = GestoArcoIris.h; sourceTree = "<group>"; };
		F6B0ABBB18E4A971004F3C42 /* GestoArcoIris.m */ = {isa = PBXFileReference; fileEncoding = 4; lastKnownFileType = sourcecode.c.objc; path = GestoArcoIris.m; sourceTree = "<group>"; };
/* End PBXFileReference section */

/* Begin PBXFrameworksBuildPhase section */
		310668D118E20BA800B48195 /* Frameworks */ = {
			isa = PBXFrameworksBuildPhase;
			buildActionMask = 2147483647;
			files = (
				310668DA18E20BA800B48195 /* CoreGraphics.framework in Frameworks */,
				310668DC18E20BA800B48195 /* UIKit.framework in Frameworks */,
				310668D818E20BA800B48195 /* Foundation.framework in Frameworks */,
			);
			runOnlyForDeploymentPostprocessing = 0;
		};
		310668EC18E20BA800B48195 /* Frameworks */ = {
			isa = PBXFrameworksBuildPhase;
			buildActionMask = 2147483647;
			files = (
				310668F118E20BA800B48195 /* XCTest.framework in Frameworks */,
				310668F318E20BA800B48195 /* UIKit.framework in Frameworks */,
				310668F218E20BA800B48195 /* Foundation.framework in Frameworks */,
			);
			runOnlyForDeploymentPostprocessing = 0;
		};
/* End PBXFrameworksBuildPhase section */

/* Begin PBXGroup section */
		1BF7762918EDF2CA00FC7C18 /* Figuras */ = {
			isa = PBXGroup;
			children = (
				1B8AC79C18E9F31C0083EBDD /* fase4.png */,
				1B8AC79A18E9E0E30083EBDD /* fase3.png */,
				1BC90EA018E611C7002E91E3 /* finger.png */,
				1BC90EA218E6125D002E91E3 /* fase2.png */,
				3106691C18E2110900B48195 /* fase1.png */,
			);
			name = Figuras;
			sourceTree = "<group>";
		};
		1BF7762A18EDF2D300FC7C18 /* Pontos */ = {
			isa = PBXGroup;
			children = (
				1BF7762318EDE19F00FC7C18 /* florzinha.gif */,
				1BF7762418EDE19F00FC7C18 /* abelhinha.jpg */,
				1B871E0618EC8B3C00162007 /* pontosCaracol.png */,
				1BF7762518EDE19F00FC7C18 /* leaozinho.gif */,
			);
			name = Pontos;
			sourceTree = "<group>";
		};
		1BF7762B18EDF2DB00FC7C18 /* Labirinto */ = {
			isa = PBXGroup;
			children = (
				1B871E1018EC9F8800162007 /* labirinto4.png */,
				31C4190718EE0585004F83DE /* labirinto3.png */,
				31C4190518EE02F1004F83DE /* labirinto2.png */,
				31C4190318EDF2A8004F83DE /* labirinto1.png */,
			);
			name = Labirinto;
			sourceTree = "<group>";
		};
		310668CB18E20BA800B48195 = {
			isa = PBXGroup;
			children = (
				310668DD18E20BA800B48195 /* appCrianca */,
				310668F618E20BA800B48195 /* appCriancaTests */,
				310668D618E20BA800B48195 /* Frameworks */,
				310668D518E20BA800B48195 /* Products */,
			);
			sourceTree = "<group>";
		};
		310668D518E20BA800B48195 /* Products */ = {
			isa = PBXGroup;
			children = (
				310668D418E20BA800B48195 /* appCrianca.app */,
				310668EF18E20BA800B48195 /* appCriancaTests.xctest */,
			);
			name = Products;
			sourceTree = "<group>";
		};
		310668D618E20BA800B48195 /* Frameworks */ = {
			isa = PBXGroup;
			children = (
				310668D718E20BA800B48195 /* Foundation.framework */,
				310668D918E20BA800B48195 /* CoreGraphics.framework */,
				310668DB18E20BA800B48195 /* UIKit.framework */,
				310668F018E20BA800B48195 /* XCTest.framework */,
			);
			name = Frameworks;
			sourceTree = "<group>";
		};
		310668DD18E20BA800B48195 /* appCrianca */ = {
			isa = PBXGroup;
			children = (
				31A1648418E60AF800FA391E /* CBL */,
				310668E618E20BA800B48195 /* AppDelegate.h */,
				310668E718E20BA800B48195 /* AppDelegate.m */,
				1B871E0B18EC9E8200162007 /* LabirintoViewController.h */,
				1B871E0C18EC9E8200162007 /* LabirintoViewController.m */,
				1B871E0D18EC9E8200162007 /* LabirintoViewController.xib */,
				1B871E1218EC9FF300162007 /* GestoLabirinto.h */,
				1B871E1318EC9FF300162007 /* GestoLabirinto.m */,
				312A54BA18EB5C0C0016DD32 /* GameViewController.h */,
				312A54BB18EB5C0C0016DD32 /* GameViewController.m */,
				312A54BC18EB5C0C0016DD32 /* GameViewController.xib */,
				F6A85CAB18EA013C00819310 /* MenuViewController.h */,
				F6A85CAC18EA013C00819310 /* MenuViewController.m */,
				F6A85CAD18EA013C00819310 /* MenuViewController.xib */,
				3106691E18E2132200B48195 /* ViewController.h */,
				3106691F18E2132200B48195 /* ViewController.m */,
				3106692018E2132200B48195 /* ViewController.xib */,
				31189DE918E358E00072D5CB /* Figura.h */,
				31189DEA18E358E00072D5CB /* Figura.m */,
				1B871DF718EC802300162007 /* MathViewController.h */,
				1B871DF818EC802300162007 /* MathViewController.m */,
				1B871DF918EC802300162007 /* MathViewController.xib */,
				1B871DFC18EC80C500162007 /* Contas.h */,
				1B871DFD18EC80C500162007 /* Contas.m */,
				1B871DFF18EC8A8400162007 /* PontosViewController.h */,
				1B871E0018EC8A8400162007 /* PontosViewController.m */,
				1B871E0118EC8A8400162007 /* PontosViewController.xib */,
				2F63489D18ECF0F900E5E7A8 /* Pontos.h */,
				2F63489E18ECF0F900E5E7A8 /* Pontos.m */,
				F6B0ABBA18E4A971004F3C42 /* GestoArcoIris.h */,
				F6B0ABBB18E4A971004F3C42 /* GestoArcoIris.m */,
				3106690B18E20C1600B48195 /* imagens */,
				310668E918E20BA800B48195 /* Images.xcassets */,
				310668DE18E20BA800B48195 /* Supporting Files */,
				1BF7762E18EDFEC200FC7C18 /* GestoLabirintoFase1.h */,
				1BF7762F18EDFEC200FC7C18 /* GestoLabirintoFase1.m */,
			);
			path = appCrianca;
			sourceTree = "<group>";
		};
		310668DE18E20BA800B48195 /* Supporting Files */ = {
			isa = PBXGroup;
			children = (
				310668DF18E20BA800B48195 /* appCrianca-Info.plist */,
				310668E018E20BA800B48195 /* InfoPlist.strings */,
				310668E318E20BA800B48195 /* main.m */,
				310668E518E20BA800B48195 /* appCrianca-Prefix.pch */,
			);
			name = "Supporting Files";
			sourceTree = "<group>";
		};
		310668F618E20BA800B48195 /* appCriancaTests */ = {
			isa = PBXGroup;
			children = (
				310668FC18E20BA800B48195 /* appCriancaTests.m */,
				310668F718E20BA800B48195 /* Supporting Files */,
			);
			path = appCriancaTests;
			sourceTree = "<group>";
		};
		310668F718E20BA800B48195 /* Supporting Files */ = {
			isa = PBXGroup;
			children = (
				310668F818E20BA800B48195 /* appCriancaTests-Info.plist */,
				310668F918E20BA800B48195 /* InfoPlist.strings */,
			);
			name = "Supporting Files";
			sourceTree = "<group>";
		};
		3106690B18E20C1600B48195 /* imagens */ = {
			isa = PBXGroup;
			children = (
				1BF7762C18EDFDD200FC7C18 /* matematica.png */,
				1BF7762B18EDF2DB00FC7C18 /* Labirinto */,
				1BF7762A18EDF2D300FC7C18 /* Pontos */,
				1BF7762918EDF2CA00FC7C18 /* Figuras */,
				31C4190118EDE62A004F83DE /* errou.png */,
				312A54BF18EB61CD0016DD32 /* back.png */,
				312A54B818EB3EAF0016DD32 /* background.png */,
				3199B7E718EA06C9003F0E2E /* starBlack.png */,
				3199B7E818EA06C9003F0E2E /* starYellow.png */,
				3199B7E318E9FBF6003F0E2E /* home.png */,
				3189376D18E4A88B0033B277 /* arcoiris.png */,
				31A1648218E5F8B400FA391E /* ok.png */,
			);
			name = imagens;
			sourceTree = "<group>";
		};
/* End PBXGroup section */

/* Begin PBXNativeTarget section */
		310668D318E20BA800B48195 /* appCrianca */ = {
			isa = PBXNativeTarget;
			buildConfigurationList = 3106690018E20BA800B48195 /* Build configuration list for PBXNativeTarget "appCrianca" */;
			buildPhases = (
				310668D018E20BA800B48195 /* Sources */,
				310668D118E20BA800B48195 /* Frameworks */,
				310668D218E20BA800B48195 /* Resources */,
			);
			buildRules = (
			);
			dependencies = (
			);
			name = appCrianca;
			productName = appCrianca;
			productReference = 310668D418E20BA800B48195 /* appCrianca.app */;
			productType = "com.apple.product-type.application";
		};
		310668EE18E20BA800B48195 /* appCriancaTests */ = {
			isa = PBXNativeTarget;
			buildConfigurationList = 3106690318E20BA800B48195 /* Build configuration list for PBXNativeTarget "appCriancaTests" */;
			buildPhases = (
				310668EB18E20BA800B48195 /* Sources */,
				310668EC18E20BA800B48195 /* Frameworks */,
				310668ED18E20BA800B48195 /* Resources */,
			);
			buildRules = (
			);
			dependencies = (
				310668F518E20BA800B48195 /* PBXTargetDependency */,
			);
			name = appCriancaTests;
			productName = appCriancaTests;
			productReference = 310668EF18E20BA800B48195 /* appCriancaTests.xctest */;
			productType = "com.apple.product-type.bundle.unit-test";
		};
/* End PBXNativeTarget section */

/* Begin PBXProject section */
		310668CC18E20BA800B48195 /* Project object */ = {
			isa = PBXProject;
			attributes = {
				LastUpgradeCheck = 0510;
				ORGANIZATIONNAME = "RAFAEL CARDOSO DA SILVA";
				TargetAttributes = {
					310668D318E20BA800B48195 = {
						DevelopmentTeam = AW2553KXBF;
					};
					310668EE18E20BA800B48195 = {
						TestTargetID = 310668D318E20BA800B48195;
					};
				};
			};
			buildConfigurationList = 310668CF18E20BA800B48195 /* Build configuration list for PBXProject "appCrianca" */;
			compatibilityVersion = "Xcode 3.2";
			developmentRegion = English;
			hasScannedForEncodings = 0;
			knownRegions = (
				en,
			);
			mainGroup = 310668CB18E20BA800B48195;
			productRefGroup = 310668D518E20BA800B48195 /* Products */;
			projectDirPath = "";
			projectRoot = "";
			targets = (
				310668D318E20BA800B48195 /* appCrianca */,
				310668EE18E20BA800B48195 /* appCriancaTests */,
			);
		};
/* End PBXProject section */

/* Begin PBXResourcesBuildPhase section */
		310668D218E20BA800B48195 /* Resources */ = {
			isa = PBXResourcesBuildPhase;
			buildActionMask = 2147483647;
			files = (
				1BF7762818EDE19F00FC7C18 /* leaozinho.gif in Resources */,
				1BC90EA118E611C7002E91E3 /* finger.png in Resources */,
				312A54B918EB3EAF0016DD32 /* background.png in Resources */,
				312A54C018EB61CD0016DD32 /* back.png in Resources */,
				3189376E18E4A88B0033B277 /* arcoiris.png in Resources */,
				31C4190218EDE62A004F83DE /* errou.png in Resources */,
				1B8AC79D18E9F31C0083EBDD /* fase4.png in Resources */,
				3106692218E2132200B48195 /* ViewController.xib in Resources */,
				31C4190818EE0585004F83DE /* labirinto3.png in Resources */,
				1BC90EA318E6125D002E91E3 /* fase2.png in Resources */,
				1B871E0F18EC9E8200162007 /* LabirintoViewController.xib in Resources */,
				F6A85CAF18EA013C00819310 /* MenuViewController.xib in Resources */,
				3106691D18E2110900B48195 /* fase1.png in Resources */,
				3199B7EA18EA06C9003F0E2E /* starYellow.png in Resources */,
				3199B7E918EA06C9003F0E2E /* starBlack.png in Resources */,
				1B8AC79B18E9E0E30083EBDD /* fase3.png in Resources */,
				1B871E1118EC9F8800162007 /* labirinto4.png in Resources */,
				1B871E0718EC8B3C00162007 /* pontosCaracol.png in Resources */,
				1BF7762D18EDFDD200FC7C18 /* matematica.png in Resources */,
				1BF7762718EDE19F00FC7C18 /* abelhinha.jpg in Resources */,
				310668E218E20BA800B48195 /* InfoPlist.strings in Resources */,
				310668EA18E20BA800B48195 /* Images.xcassets in Resources */,
				31C4190618EE02F1004F83DE /* labirinto2.png in Resources */,
				312A54BE18EB5C0C0016DD32 /* GameViewController.xib in Resources */,
				1B871DFB18EC802300162007 /* MathViewController.xib in Resources */,
				3199B7E418E9FBF6003F0E2E /* home.png in Resources */,
				31C4190418EDF2A8004F83DE /* labirinto1.png in Resources */,
				31A1648518E60AF800FA391E /* CBL in Resources */,
				31A1648318E5F8B400FA391E /* ok.png in Resources */,
				1BF7762618EDE19F00FC7C18 /* florzinha.gif in Resources */,
				1B871E0318EC8A8400162007 /* PontosViewController.xib in Resources */,
			);
			runOnlyForDeploymentPostprocessing = 0;
		};
		310668ED18E20BA800B48195 /* Resources */ = {
			isa = PBXResourcesBuildPhase;
			buildActionMask = 2147483647;
			files = (
				310668FB18E20BA800B48195 /* InfoPlist.strings in Resources */,
			);
			runOnlyForDeploymentPostprocessing = 0;
		};
/* End PBXResourcesBuildPhase section */

/* Begin PBXSourcesBuildPhase section */
		310668D018E20BA800B48195 /* Sources */ = {
			isa = PBXSourcesBuildPhase;
			buildActionMask = 2147483647;
			files = (
				1B871DFA18EC802300162007 /* MathViewController.m in Sources */,
				310668E818E20BA800B48195 /* AppDelegate.m in Sources */,
				1B871E0E18EC9E8200162007 /* LabirintoViewController.m in Sources */,
				F6A85CAE18EA013C00819310 /* MenuViewController.m in Sources */,
				1BF7763018EDFEC200FC7C18 /* GestoLabirintoFase1.m in Sources */,
				1B871E0218EC8A8400162007 /* PontosViewController.m in Sources */,
				1B871E1418EC9FF300162007 /* GestoLabirinto.m in Sources */,
				312A54BD18EB5C0C0016DD32 /* GameViewController.m in Sources */,
				31189DEB18E358E00072D5CB /* Figura.m in Sources */,
				3106692118E2132200B48195 /* ViewController.m in Sources */,
				F6B0ABBC18E4A971004F3C42 /* GestoArcoIris.m in Sources */,
				310668E418E20BA800B48195 /* main.m in Sources */,
				1B871DFE18EC80C500162007 /* Contas.m in Sources */,
				2F63489F18ECF0F900E5E7A8 /* Pontos.m in Sources */,
			);
			runOnlyForDeploymentPostprocessing = 0;
		};
		310668EB18E20BA800B48195 /* Sources */ = {
			isa = PBXSourcesBuildPhase;
			buildActionMask = 2147483647;
			files = (
				310668FD18E20BA800B48195 /* appCriancaTests.m in Sources */,
			);
			runOnlyForDeploymentPostprocessing = 0;
		};
/* End PBXSourcesBuildPhase section */

/* Begin PBXTargetDependency section */
		310668F518E20BA800B48195 /* PBXTargetDependency */ = {
			isa = PBXTargetDependency;
			target = 310668D318E20BA800B48195 /* appCrianca */;
			targetProxy = 310668F418E20BA800B48195 /* PBXContainerItemProxy */;
		};
/* End PBXTargetDependency section */

/* Begin PBXVariantGroup section */
		310668E018E20BA800B48195 /* InfoPlist.strings */ = {
			isa = PBXVariantGroup;
			children = (
				310668E118E20BA800B48195 /* en */,
			);
			name = InfoPlist.strings;
			sourceTree = "<group>";
		};
		310668F918E20BA800B48195 /* InfoPlist.strings */ = {
			isa = PBXVariantGroup;
			children = (
				310668FA18E20BA800B48195 /* en */,
			);
			name = InfoPlist.strings;
			sourceTree = "<group>";
		};
/* End PBXVariantGroup section */

/* Begin XCBuildConfiguration section */
		310668FE18E20BA800B48195 /* Debug */ = {
			isa = XCBuildConfiguration;
			buildSettings = {
				ALWAYS_SEARCH_USER_PATHS = NO;
				CLANG_CXX_LANGUAGE_STANDARD = "gnu++0x";
				CLANG_CXX_LIBRARY = "libc++";
				CLANG_ENABLE_MODULES = YES;
				CLANG_ENABLE_OBJC_ARC = YES;
				CLANG_WARN_BOOL_CONVERSION = YES;
				CLANG_WARN_CONSTANT_CONVERSION = YES;
				CLANG_WARN_DIRECT_OBJC_ISA_USAGE = YES_ERROR;
				CLANG_WARN_EMPTY_BODY = YES;
				CLANG_WARN_ENUM_CONVERSION = YES;
				CLANG_WARN_INT_CONVERSION = YES;
				CLANG_WARN_OBJC_ROOT_CLASS = YES_ERROR;
				CLANG_WARN__DUPLICATE_METHOD_MATCH = YES;
				"CODE_SIGN_IDENTITY[sdk=iphoneos*]" = "iPhone Developer";
				COPY_PHASE_STRIP = NO;
				GCC_C_LANGUAGE_STANDARD = gnu99;
				GCC_DYNAMIC_NO_PIC = NO;
				GCC_OPTIMIZATION_LEVEL = 0;
				GCC_PREPROCESSOR_DEFINITIONS = (
					"DEBUG=1",
					"$(inherited)",
				);
				GCC_SYMBOLS_PRIVATE_EXTERN = NO;
				GCC_WARN_64_TO_32_BIT_CONVERSION = YES;
				GCC_WARN_ABOUT_RETURN_TYPE = YES_ERROR;
				GCC_WARN_UNDECLARED_SELECTOR = YES;
				GCC_WARN_UNINITIALIZED_AUTOS = YES_AGGRESSIVE;
				GCC_WARN_UNUSED_FUNCTION = YES;
				GCC_WARN_UNUSED_VARIABLE = YES;
				IPHONEOS_DEPLOYMENT_TARGET = 7.1;
				ONLY_ACTIVE_ARCH = YES;
				SDKROOT = iphoneos;
				TARGETED_DEVICE_FAMILY = "1,2";
			};
			name = Debug;
		};
		310668FF18E20BA800B48195 /* Release */ = {
			isa = XCBuildConfiguration;
			buildSettings = {
				ALWAYS_SEARCH_USER_PATHS = NO;
				CLANG_CXX_LANGUAGE_STANDARD = "gnu++0x";
				CLANG_CXX_LIBRARY = "libc++";
				CLANG_ENABLE_MODULES = YES;
				CLANG_ENABLE_OBJC_ARC = YES;
				CLANG_WARN_BOOL_CONVERSION = YES;
				CLANG_WARN_CONSTANT_CONVERSION = YES;
				CLANG_WARN_DIRECT_OBJC_ISA_USAGE = YES_ERROR;
				CLANG_WARN_EMPTY_BODY = YES;
				CLANG_WARN_ENUM_CONVERSION = YES;
				CLANG_WARN_INT_CONVERSION = YES;
				CLANG_WARN_OBJC_ROOT_CLASS = YES_ERROR;
				CLANG_WARN__DUPLICATE_METHOD_MATCH = YES;
				"CODE_SIGN_IDENTITY[sdk=iphoneos*]" = "iPhone Developer";
				COPY_PHASE_STRIP = YES;
				ENABLE_NS_ASSERTIONS = NO;
				GCC_C_LANGUAGE_STANDARD = gnu99;
				GCC_WARN_64_TO_32_BIT_CONVERSION = YES;
				GCC_WARN_ABOUT_RETURN_TYPE = YES_ERROR;
				GCC_WARN_UNDECLARED_SELECTOR = YES;
				GCC_WARN_UNINITIALIZED_AUTOS = YES_AGGRESSIVE;
				GCC_WARN_UNUSED_FUNCTION = YES;
				GCC_WARN_UNUSED_VARIABLE = YES;
				IPHONEOS_DEPLOYMENT_TARGET = 7.1;
				SDKROOT = iphoneos;
				TARGETED_DEVICE_FAMILY = "1,2";
				VALIDATE_PRODUCT = YES;
			};
			name = Release;
		};
		3106690118E20BA800B48195 /* Debug */ = {
			isa = XCBuildConfiguration;
			buildSettings = {
				ASSETCATALOG_COMPILER_APPICON_NAME = AppIcon;
				ASSETCATALOG_COMPILER_LAUNCHIMAGE_NAME = LaunchImage;
				CODE_SIGN_IDENTITY = "iPhone Developer";
				"CODE_SIGN_IDENTITY[sdk=iphoneos*]" = "iPhone Developer";
				GCC_PRECOMPILE_PREFIX_HEADER = YES;
				GCC_PREFIX_HEADER = "appCrianca/appCrianca-Prefix.pch";
				INFOPLIST_FILE = "appCrianca/appCrianca-Info.plist";
				PRODUCT_NAME = "$(TARGET_NAME)";
				PROVISIONING_PROFILE = "";
				WRAPPER_EXTENSION = app;
			};
			name = Debug;
		};
		3106690218E20BA800B48195 /* Release */ = {
			isa = XCBuildConfiguration;
			buildSettings = {
				ASSETCATALOG_COMPILER_APPICON_NAME = AppIcon;
				ASSETCATALOG_COMPILER_LAUNCHIMAGE_NAME = LaunchImage;
				CODE_SIGN_IDENTITY = "iPhone Developer";
				"CODE_SIGN_IDENTITY[sdk=iphoneos*]" = "iPhone Developer";
				GCC_PRECOMPILE_PREFIX_HEADER = YES;
				GCC_PREFIX_HEADER = "appCrianca/appCrianca-Prefix.pch";
				INFOPLIST_FILE = "appCrianca/appCrianca-Info.plist";
				PRODUCT_NAME = "$(TARGET_NAME)";
				PROVISIONING_PROFILE = "";
				WRAPPER_EXTENSION = app;
			};
			name = Release;
		};
		3106690418E20BA800B48195 /* Debug */ = {
			isa = XCBuildConfiguration;
			buildSettings = {
				BUNDLE_LOADER = "$(BUILT_PRODUCTS_DIR)/appCrianca.app/appCrianca";
				FRAMEWORK_SEARCH_PATHS = (
					"$(SDKROOT)/Developer/Library/Frameworks",
					"$(inherited)",
					"$(DEVELOPER_FRAMEWORKS_DIR)",
				);
				GCC_PRECOMPILE_PREFIX_HEADER = YES;
				GCC_PREFIX_HEADER = "appCrianca/appCrianca-Prefix.pch";
				GCC_PREPROCESSOR_DEFINITIONS = (
					"DEBUG=1",
					"$(inherited)",
				);
				INFOPLIST_FILE = "appCriancaTests/appCriancaTests-Info.plist";
				PRODUCT_NAME = "$(TARGET_NAME)";
				TEST_HOST = "$(BUNDLE_LOADER)";
				WRAPPER_EXTENSION = xctest;
			};
			name = Debug;
		};
		3106690518E20BA800B48195 /* Release */ = {
			isa = XCBuildConfiguration;
			buildSettings = {
				BUNDLE_LOADER = "$(BUILT_PRODUCTS_DIR)/appCrianca.app/appCrianca";
				FRAMEWORK_SEARCH_PATHS = (
					"$(SDKROOT)/Developer/Library/Frameworks",
					"$(inherited)",
					"$(DEVELOPER_FRAMEWORKS_DIR)",
				);
				GCC_PRECOMPILE_PREFIX_HEADER = YES;
				GCC_PREFIX_HEADER = "appCrianca/appCrianca-Prefix.pch";
				INFOPLIST_FILE = "appCriancaTests/appCriancaTests-Info.plist";
				PRODUCT_NAME = "$(TARGET_NAME)";
				TEST_HOST = "$(BUNDLE_LOADER)";
				WRAPPER_EXTENSION = xctest;
			};
			name = Release;
		};
/* End XCBuildConfiguration section */

/* Begin XCConfigurationList section */
		310668CF18E20BA800B48195 /* Build configuration list for PBXProject "appCrianca" */ = {
			isa = XCConfigurationList;
			buildConfigurations = (
				310668FE18E20BA800B48195 /* Debug */,
				310668FF18E20BA800B48195 /* Release */,
			);
			defaultConfigurationIsVisible = 0;
			defaultConfigurationName = Release;
		};
		3106690018E20BA800B48195 /* Build configuration list for PBXNativeTarget "appCrianca" */ = {
			isa = XCConfigurationList;
			buildConfigurations = (
				3106690118E20BA800B48195 /* Debug */,
				3106690218E20BA800B48195 /* Release */,
			);
			defaultConfigurationIsVisible = 0;
			defaultConfigurationName = Release;
		};
		3106690318E20BA800B48195 /* Build configuration list for PBXNativeTarget "appCriancaTests" */ = {
			isa = XCConfigurationList;
			buildConfigurations = (
				3106690418E20BA800B48195 /* Debug */,
				3106690518E20BA800B48195 /* Release */,
			);
			defaultConfigurationIsVisible = 0;
			defaultConfigurationName = Release;
		};
/* End XCConfigurationList section */
	};
	rootObject = 310668CC18E20BA800B48195 /* Project object */;
}
